
Microsoft Visual Studio Solution File, Format Version 12.00
# Visual Studio Version 16
VisualStudioVersion = 16.0.30711.63
MinimumVisualStudioVersion = 10.0.40219.1
Project("{FAE04EC0-301F-11D3-BF4B-00C04F79EFBC}") = "Inlämningsuppgift1.ASP", "Inlämningsuppgift1.ASP\Inlämningsuppgift1.ASP.csproj", "{1808B209-7F8C-400C-A40E-4E04C884C193}"
EndProject
Global
	GlobalSection(SolutionConfigurationPlatforms) = preSolution
		Debug|Any CPU = Debug|Any CPU
		Release|Any CPU = Release|Any CPU
	EndGlobalSection
	GlobalSection(ProjectConfigurationPlatforms) = postSolution
		{1808B209-7F8C-400C-A40E-4E04C884C193}.Debug|Any CPU.ActiveCfg = Debug|Any CPU
		{1808B209-7F8C-400C-A40E-4E04C884C193}.Debug|Any CPU.Build.0 = Debug|Any CPU
		{1808B209-7F8C-400C-A40E-4E04C884C193}.Release|Any CPU.ActiveCfg = Release|Any CPU
		{1808B209-7F8C-400C-A40E-4E04C884C193}.Release|Any CPU.Build.0 = Release|Any CPU
	EndGlobalSection
	GlobalSection(SolutionProperties) = preSolution
		HideSolutionNode = FALSE
	EndGlobalSection
	GlobalSection(ExtensibilityGlobals) = postSolution
		SolutionGuid = {57A8E37C-E78C-4848-BE3C-6EE7AD46D6A4}
	EndGlobalSection
EndGlobal
